
Microsoft Visual Studio Solution File, Format Version 12.00
Project("{FAE04EC0-301F-11D3-BF4B-00C04F79EFBC}") = "Decorator", "Decorator\Decorator.csproj", "{E23BA34C-F265-426E-AF30-9AB39E462CC6}"
EndProject
Project("{FAE04EC0-301F-11D3-BF4B-00C04F79EFBC}") = "Adapter", "Adapter\Adapter.csproj", "{B3D0C8DA-BB27-4FA3-9839-385AF30BBDC5}"
EndProject
Project("{FAE04EC0-301F-11D3-BF4B-00C04F79EFBC}") = "Facade", "Facade\Facade.csproj", "{EE115D15-DF34-4CF5-926B-E51195517C78}"
EndProject
Project("{FAE04EC0-301F-11D3-BF4B-00C04F79EFBC}") = "Proxy", "Proxy\Proxy.csproj", "{B829C999-EBC2-4D18-B6A7-35242D810BAF}"
EndProject
Project("{FAE04EC0-301F-11D3-BF4B-00C04F79EFBC}") = "Bridge", "Bridge\Bridge.csproj", "{48B09F48-F4A9-456B-A9F9-9947691BC8A2}"
EndProject
Project("{FAE04EC0-301F-11D3-BF4B-00C04F79EFBC}") = "Composite", "Composite\Composite.csproj", "{34779B58-5B02-405D-87B4-597D110A4DEA}"
EndProject
Project("{FAE04EC0-301F-11D3-BF4B-00C04F79EFBC}") = "Command", "Command\Command.csproj", "{89A8E209-57D8-4AE2-A8B7-FDB558DD56E6}"
EndProject
Global
	GlobalSection(SolutionConfigurationPlatforms) = preSolution
		Debug|Any CPU = Debug|Any CPU
		Release|Any CPU = Release|Any CPU
	EndGlobalSection
	GlobalSection(ProjectConfigurationPlatforms) = postSolution
		{E23BA34C-F265-426E-AF30-9AB39E462CC6}.Debug|Any CPU.ActiveCfg = Debug|Any CPU
		{E23BA34C-F265-426E-AF30-9AB39E462CC6}.Debug|Any CPU.Build.0 = Debug|Any CPU
		{E23BA34C-F265-426E-AF30-9AB39E462CC6}.Release|Any CPU.ActiveCfg = Release|Any CPU
		{E23BA34C-F265-426E-AF30-9AB39E462CC6}.Release|Any CPU.Build.0 = Release|Any CPU
		{B3D0C8DA-BB27-4FA3-9839-385AF30BBDC5}.Debug|Any CPU.ActiveCfg = Debug|Any CPU
		{B3D0C8DA-BB27-4FA3-9839-385AF30BBDC5}.Debug|Any CPU.Build.0 = Debug|Any CPU
		{B3D0C8DA-BB27-4FA3-9839-385AF30BBDC5}.Release|Any CPU.ActiveCfg = Release|Any CPU
		{B3D0C8DA-BB27-4FA3-9839-385AF30BBDC5}.Release|Any CPU.Build.0 = Release|Any CPU
		{EE115D15-DF34-4CF5-926B-E51195517C78}.Debug|Any CPU.ActiveCfg = Debug|Any CPU
		{EE115D15-DF34-4CF5-926B-E51195517C78}.Debug|Any CPU.Build.0 = Debug|Any CPU
		{EE115D15-DF34-4CF5-926B-E51195517C78}.Release|Any CPU.ActiveCfg = Release|Any CPU
		{EE115D15-DF34-4CF5-926B-E51195517C78}.Release|Any CPU.Build.0 = Release|Any CPU
		{B829C999-EBC2-4D18-B6A7-35242D810BAF}.Debug|Any CPU.ActiveCfg = Debug|Any CPU
		{B829C999-EBC2-4D18-B6A7-35242D810BAF}.Debug|Any CPU.Build.0 = Debug|Any CPU
		{B829C999-EBC2-4D18-B6A7-35242D810BAF}.Release|Any CPU.ActiveCfg = Release|Any CPU
		{B829C999-EBC2-4D18-B6A7-35242D810BAF}.Release|Any CPU.Build.0 = Release|Any CPU
		{48B09F48-F4A9-456B-A9F9-9947691BC8A2}.Debug|Any CPU.ActiveCfg = Debug|Any CPU
		{48B09F48-F4A9-456B-A9F9-9947691BC8A2}.Debug|Any CPU.Build.0 = Debug|Any CPU
		{48B09F48-F4A9-456B-A9F9-9947691BC8A2}.Release|Any CPU.ActiveCfg = Release|Any CPU
		{48B09F48-F4A9-456B-A9F9-9947691BC8A2}.Release|Any CPU.Build.0 = Release|Any CPU
		{34779B58-5B02-405D-87B4-597D110A4DEA}.Debug|Any CPU.ActiveCfg = Debug|Any CPU
		{34779B58-5B02-405D-87B4-597D110A4DEA}.Debug|Any CPU.Build.0 = Debug|Any CPU
		{34779B58-5B02-405D-87B4-597D110A4DEA}.Release|Any CPU.ActiveCfg = Release|Any CPU
		{34779B58-5B02-405D-87B4-597D110A4DEA}.Release|Any CPU.Build.0 = Release|Any CPU
		{89A8E209-57D8-4AE2-A8B7-FDB558DD56E6}.Debug|Any CPU.ActiveCfg = Debug|Any CPU
		{89A8E209-57D8-4AE2-A8B7-FDB558DD56E6}.Debug|Any CPU.Build.0 = Debug|Any CPU
		{89A8E209-57D8-4AE2-A8B7-FDB558DD56E6}.Release|Any CPU.ActiveCfg = Release|Any CPU
		{89A8E209-57D8-4AE2-A8B7-FDB558DD56E6}.Release|Any CPU.Build.0 = Release|Any CPU
	EndGlobalSection
EndGlobal
